// !$*UTF8*$!
{
	archiveVersion = 1;
	classes = {
	};
	objectVersion = 56;
	objects = {

/* Begin PBXBuildFile section */
		CE180AE32B723E1200F0BDF3 /* RecipesView.swift in Sources */ = {isa = PBXBuildFile; fileRef = CE180AE22B723E1200F0BDF3 /* RecipesView.swift */; };
		CE4D4D3E2B75093A00B20F39 /* Ingredients.swift in Sources */ = {isa = PBXBuildFile; fileRef = CE4D4D3D2B75093A00B20F39 /* Ingredients.swift */; };
		CECB5D612B6BCA2600790C27 /* DummyView.swift in Sources */ = {isa = PBXBuildFile; fileRef = CECB5D602B6BCA2600790C27 /* DummyView.swift */; };
		CEE2D9182B5FC4F30055E082 /* Yummi_AppApp.swift in Sources */ = {isa = PBXBuildFile; fileRef = CEE2D9172B5FC4F30055E082 /* Yummi_AppApp.swift */; };
		CEE2D91A2B5FC4F30055E082 /* ContentView.swift in Sources */ = {isa = PBXBuildFile; fileRef = CEE2D9192B5FC4F30055E082 /* ContentView.swift */; };
		CEE2D91C2B5FC4F50055E082 /* Assets.xcassets in Resources */ = {isa = PBXBuildFile; fileRef = CEE2D91B2B5FC4F50055E082 /* Assets.xcassets */; };
		CEE2D91F2B5FC4F50055E082 /* Preview Assets.xcassets in Resources */ = {isa = PBXBuildFile; fileRef = CEE2D91E2B5FC4F50055E082 /* Preview Assets.xcassets */; };
		CEE2D9292B5FC4F50055E082 /* Yummi_AppTests.swift in Sources */ = {isa = PBXBuildFile; fileRef = CEE2D9282B5FC4F50055E082 /* Yummi_AppTests.swift */; };
		CEE2D9332B5FC4F50055E082 /* Yummi_AppUITests.swift in Sources */ = {isa = PBXBuildFile; fileRef = CEE2D9322B5FC4F50055E082 /* Yummi_AppUITests.swift */; };
		CEE2D9352B5FC4F50055E082 /* Yummi_AppUITestsLaunchTests.swift in Sources */ = {isa = PBXBuildFile; fileRef = CEE2D9342B5FC4F50055E082 /* Yummi_AppUITestsLaunchTests.swift */; };
/* End PBXBuildFile section */

/* Begin PBXContainerItemProxy section */
		CEE2D9252B5FC4F50055E082 /* PBXContainerItemProxy */ = {
			isa = PBXContainerItemProxy;
			containerPortal = CEE2D90C2B5FC4F30055E082 /* Project object */;
			proxyType = 1;
			remoteGlobalIDString = CEE2D9132B5FC4F30055E082;
			remoteInfo = "Yummi App";
		};
		CEE2D92F2B5FC4F50055E082 /* PBXContainerItemProxy */ = {
			isa = PBXContainerItemProxy;
			containerPortal = CEE2D90C2B5FC4F30055E082 /* Project object */;
			proxyType = 1;
			remoteGlobalIDString = CEE2D9132B5FC4F30055E082;
			remoteInfo = "Yummi App";
		};
/* End PBXContainerItemProxy section */

/* Begin PBXFileReference section */
		CE180AE22B723E1200F0BDF3 /* RecipesView.swift */ = {isa = PBXFileReference; lastKnownFileType = sourcecode.swift; path = RecipesView.swift; sourceTree = "<group>"; };
		CE4D4D3D2B75093A00B20F39 /* Ingredients.swift */ = {isa = PBXFileReference; lastKnownFileType = sourcecode.swift; path = Ingredients.swift; sourceTree = "<group>"; };
		CECB5D602B6BCA2600790C27 /* DummyView.swift */ = {isa = PBXFileReference; lastKnownFileType = sourcecode.swift; path = DummyView.swift; sourceTree = "<group>"; };
		CEE2D9142B5FC4F30055E082 /* Yummi App.app */ = {isa = PBXFileReference; explicitFileType = wrapper.application; includeInIndex = 0; path = "Yummi App.app"; sourceTree = BUILT_PRODUCTS_DIR; };
		CEE2D9172B5FC4F30055E082 /* Yummi_AppApp.swift */ = {isa = PBXFileReference; lastKnownFileType = sourcecode.swift; path = Yummi_AppApp.swift; sourceTree = "<group>"; };
		CEE2D9192B5FC4F30055E082 /* ContentView.swift */ = {isa = PBXFileReference; lastKnownFileType = sourcecode.swift; path = ContentView.swift; sourceTree = "<group>"; };
		CEE2D91B2B5FC4F50055E082 /* Assets.xcassets */ = {isa = PBXFileReference; lastKnownFileType = folder.assetcatalog; path = Assets.xcassets; sourceTree = "<group>"; };
		CEE2D91E2B5FC4F50055E082 /* Preview Assets.xcassets */ = {isa = PBXFileReference; lastKnownFileType = folder.assetcatalog; path = "Preview Assets.xcassets"; sourceTree = "<group>"; };
		CEE2D9242B5FC4F50055E082 /* Yummi AppTests.xctest */ = {isa = PBXFileReference; explicitFileType = wrapper.cfbundle; includeInIndex = 0; path = "Yummi AppTests.xctest"; sourceTree = BUILT_PRODUCTS_DIR; };
		CEE2D9282B5FC4F50055E082 /* Yummi_AppTests.swift */ = {isa = PBXFileReference; lastKnownFileType = sourcecode.swift; path = Yummi_AppTests.swift; sourceTree = "<group>"; };
		CEE2D92E2B5FC4F50055E082 /* Yummi AppUITests.xctest */ = {isa = PBXFileReference; explicitFileType = wrapper.cfbundle; includeInIndex = 0; path = "Yummi AppUITests.xctest"; sourceTree = BUILT_PRODUCTS_DIR; };
		CEE2D9322B5FC4F50055E082 /* Yummi_AppUITests.swift */ = {isa = PBXFileReference; lastKnownFileType = sourcecode.swift; path = Yummi_AppUITests.swift; sourceTree = "<group>"; };
		CEE2D9342B5FC4F50055E082 /* Yummi_AppUITestsLaunchTests.swift */ = {isa = PBXFileReference; lastKnownFileType = sourcecode.swift; path = Yummi_AppUITestsLaunchTests.swift; sourceTree = "<group>"; };
/* End PBXFileReference section */

/* Begin PBXFrameworksBuildPhase section */
		CEE2D9112B5FC4F30055E082 /* Frameworks */ = {
			isa = PBXFrameworksBuildPhase;
			buildActionMask = 2147483647;
			files = (
			);
			runOnlyForDeploymentPostprocessing = 0;
		};
		CEE2D9212B5FC4F50055E082 /* Frameworks */ = {
			isa = PBXFrameworksBuildPhase;
			buildActionMask = 2147483647;
			files = (
			);
			runOnlyForDeploymentPostprocessing = 0;
		};
		CEE2D92B2B5FC4F50055E082 /* Frameworks */ = {
			isa = PBXFrameworksBuildPhase;
			buildActionMask = 2147483647;
			files = (
			);
			runOnlyForDeploymentPostprocessing = 0;
		};
/* End PBXFrameworksBuildPhase section */

/* Begin PBXGroup section */
		CEE2D90B2B5FC4F30055E082 = {
			isa = PBXGroup;
			children = (
				CEE2D9162B5FC4F30055E082 /* Yummi App */,
				CEE2D9272B5FC4F50055E082 /* Yummi AppTests */,
				CEE2D9312B5FC4F50055E082 /* Yummi AppUITests */,
				CEE2D9152B5FC4F30055E082 /* Products */,
			);
			sourceTree = "<group>";
		};
		CEE2D9152B5FC4F30055E082 /* Products */ = {
			isa = PBXGroup;
			children = (
				CEE2D9142B5FC4F30055E082 /* Yummi App.app */,
				CEE2D9242B5FC4F50055E082 /* Yummi AppTests.xctest */,
				CEE2D92E2B5FC4F50055E082 /* Yummi AppUITests.xctest */,
			);
			name = Products;
			sourceTree = "<group>";
		};
		CEE2D9162B5FC4F30055E082 /* Yummi App */ = {
			isa = PBXGroup;
			children = (
				CEE2D9172B5FC4F30055E082 /* Yummi_AppApp.swift */,
				CEE2D9192B5FC4F30055E082 /* ContentView.swift */,
				CE180AE22B723E1200F0BDF3 /* RecipesView.swift */,
				CE4D4D3D2B75093A00B20F39 /* Ingredients.swift */,
				CEE2D91B2B5FC4F50055E082 /* Assets.xcassets */,
				CEE2D91D2B5FC4F50055E082 /* Preview Content */,
				CECB5D602B6BCA2600790C27 /* DummyView.swift */,
			);
			path = "Yummi App";
			sourceTree = "<group>";
		};
		CEE2D91D2B5FC4F50055E082 /* Preview Content */ = {
			isa = PBXGroup;
			children = (
				CEE2D91E2B5FC4F50055E082 /* Preview Assets.xcassets */,
			);
			path = "Preview Content";
			sourceTree = "<group>";
		};
		CEE2D9272B5FC4F50055E082 /* Yummi AppTests */ = {
			isa = PBXGroup;
			children = (
				CEE2D9282B5FC4F50055E082 /* Yummi_AppTests.swift */,
			);
			path = "Yummi AppTests";
			sourceTree = "<group>";
		};
		CEE2D9312B5FC4F50055E082 /* Yummi AppUITests */ = {
			isa = PBXGroup;
			children = (
				CEE2D9322B5FC4F50055E082 /* Yummi_AppUITests.swift */,
				CEE2D9342B5FC4F50055E082 /* Yummi_AppUITestsLaunchTests.swift */,
			);
			path = "Yummi AppUITests";
			sourceTree = "<group>";
		};
/* End PBXGroup section */

/* Begin PBXNativeTarget section */
		CEE2D9132B5FC4F30055E082 /* Yummi App */ = {
			isa = PBXNativeTarget;
			buildConfigurationList = CEE2D9382B5FC4F50055E082 /* Build configuration list for PBXNativeTarget "Yummi App" */;
			buildPhases = (
				CEE2D9102B5FC4F30055E082 /* Sources */,
				CEE2D9112B5FC4F30055E082 /* Frameworks */,
				CEE2D9122B5FC4F30055E082 /* Resources */,
			);
			buildRules = (
			);
			dependencies = (
			);
			name = "Yummi App";
			productName = "Yummi App";
			productReference = CEE2D9142B5FC4F30055E082 /* Yummi App.app */;
			productType = "com.apple.product-type.application";
		};
		CEE2D9232B5FC4F50055E082 /* Yummi AppTests */ = {
			isa = PBXNativeTarget;
			buildConfigurationList = CEE2D93B2B5FC4F50055E082 /* Build configuration list for PBXNativeTarget "Yummi AppTests" */;
			buildPhases = (
				CEE2D9202B5FC4F50055E082 /* Sources */,
				CEE2D9212B5FC4F50055E082 /* Frameworks */,
				CEE2D9222B5FC4F50055E082 /* Resources */,
			);
			buildRules = (
			);
			dependencies = (
				CEE2D9262B5FC4F50055E082 /* PBXTargetDependency */,
			);
			name = "Yummi AppTests";
			productName = "Yummi AppTests";
			productReference = CEE2D9242B5FC4F50055E082 /* Yummi AppTests.xctest */;
			productType = "com.apple.product-type.bundle.unit-test";
		};
		CEE2D92D2B5FC4F50055E082 /* Yummi AppUITests */ = {
			isa = PBXNativeTarget;
			buildConfigurationList = CEE2D93E2B5FC4F50055E082 /* Build configuration list for PBXNativeTarget "Yummi AppUITests" */;
			buildPhases = (
				CEE2D92A2B5FC4F50055E082 /* Sources */,
				CEE2D92B2B5FC4F50055E082 /* Frameworks */,
				CEE2D92C2B5FC4F50055E082 /* Resources */,
			);
			buildRules = (
			);
			dependencies = (
				CEE2D9302B5FC4F50055E082 /* PBXTargetDependency */,
			);
			name = "Yummi AppUITests";
			productName = "Yummi AppUITests";
			productReference = CEE2D92E2B5FC4F50055E082 /* Yummi AppUITests.xctest */;
			productType = "com.apple.product-type.bundle.ui-testing";
		};
/* End PBXNativeTarget section */

/* Begin PBXProject section */
		CEE2D90C2B5FC4F30055E082 /* Project object */ = {
			isa = PBXProject;
			attributes = {
				BuildIndependentTargetsInParallel = 1;
				LastSwiftUpdateCheck = 1520;
				LastUpgradeCheck = 1520;
				TargetAttributes = {
					CEE2D9132B5FC4F30055E082 = {
						CreatedOnToolsVersion = 15.2;
					};
					CEE2D9232B5FC4F50055E082 = {
						CreatedOnToolsVersion = 15.2;
						TestTargetID = CEE2D9132B5FC4F30055E082;
					};
					CEE2D92D2B5FC4F50055E082 = {
						CreatedOnToolsVersion = 15.2;
						TestTargetID = CEE2D9132B5FC4F30055E082;
					};
				};
			};
			buildConfigurationList = CEE2D90F2B5FC4F30055E082 /* Build configuration list for PBXProject "Yummi App" */;
			compatibilityVersion = "Xcode 14.0";
			developmentRegion = en;
			hasScannedForEncodings = 0;
			knownRegions = (
				en,
				Base,
			);
			mainGroup = CEE2D90B2B5FC4F30055E082;
			productRefGroup = CEE2D9152B5FC4F30055E082 /* Products */;
			projectDirPath = "";
			projectRoot = "";
			targets = (
				CEE2D9132B5FC4F30055E082 /* Yummi App */,
				CEE2D9232B5FC4F50055E082 /* Yummi AppTests */,
				CEE2D92D2B5FC4F50055E082 /* Yummi AppUITests */,
			);
		};
/* End PBXProject section */

/* Begin PBXResourcesBuildPhase section */
		CEE2D9122B5FC4F30055E082 /* Resources */ = {
			isa = PBXResourcesBuildPhase;
			buildActionMask = 2147483647;
			files = (
				CEE2D91F2B5FC4F50055E082 /* Preview Assets.xcassets in Resources */,
				CEE2D91C2B5FC4F50055E082 /* Assets.xcassets in Resources */,
			);
			runOnlyForDeploymentPostprocessing = 0;
		};
		CEE2D9222B5FC4F50055E082 /* Resources */ = {
			isa = PBXResourcesBuildPhase;
			buildActionMask = 2147483647;
			files = (
			);
			runOnlyForDeploymentPostprocessing = 0;
		};
		CEE2D92C2B5FC4F50055E082 /* Resources */ = {
			isa = PBXResourcesBuildPhase;
			buildActionMask = 2147483647;
			files = (
			);
			runOnlyForDeploymentPostprocessing = 0;
		};
/* End PBXResourcesBuildPhase section */

/* Begin PBXSourcesBuildPhase section */
		CEE2D9102B5FC4F30055E082 /* Sources */ = {
			isa = PBXSourcesBuildPhase;
			buildActionMask = 2147483647;
			files = (
				CE4D4D3E2B75093A00B20F39 /* Ingredients.swift in Sources */,
				CEE2D91A2B5FC4F30055E082 /* ContentView.swift in Sources */,
				CECB5D612B6BCA2600790C27 /* DummyView.swift in Sources */,
				CE180AE32B723E1200F0BDF3 /* RecipesView.swift in Sources */,
				CEE2D9182B5FC4F30055E082 /* Yummi_AppApp.swift in Sources */,
			);
			runOnlyForDeploymentPostprocessing = 0;
		};
		CEE2D9202B5FC4F50055E082 /* Sources */ = {
			isa = PBXSourcesBuildPhase;
			buildActionMask = 2147483647;
			files = (
				CEE2D9292B5FC4F50055E082 /* Yummi_AppTests.swift in Sources */,
			);
			runOnlyForDeploymentPostprocessing = 0;
		};
		CEE2D92A2B5FC4F50055E082 /* Sources */ = {
			isa = PBXSourcesBuildPhase;
			buildActionMask = 2147483647;
			files = (
				CEE2D9352B5FC4F50055E082 /* Yummi_AppUITestsLaunchTests.swift in Sources */,
				CEE2D9332B5FC4F50055E082 /* Yummi_AppUITests.swift in Sources */,
			);
			runOnlyForDeploymentPostprocessing = 0;
		};
/* End PBXSourcesBuildPhase section */

/* Begin PBXTargetDependency section */
		CEE2D9262B5FC4F50055E082 /* PBXTargetDependency */ = {
			isa = PBXTargetDependency;
			target = CEE2D9132B5FC4F30055E082 /* Yummi App */;
			targetProxy = CEE2D9252B5FC4F50055E082 /* PBXContainerItemProxy */;
		};
		CEE2D9302B5FC4F50055E082 /* PBXTargetDependency */ = {
			isa = PBXTargetDependency;
			target = CEE2D9132B5FC4F30055E082 /* Yummi App */;
			targetProxy = CEE2D92F2B5FC4F50055E082 /* PBXContainerItemProxy */;
		};
/* End PBXTargetDependency section */

/* Begin XCBuildConfiguration section */
		CEE2D9362B5FC4F50055E082 /* Debug */ = {
			isa = XCBuildConfiguration;
			buildSettings = {
				ALWAYS_SEARCH_USER_PATHS = NO;
				ASSETCATALOG_COMPILER_GENERATE_SWIFT_ASSET_SYMBOL_EXTENSIONS = YES;
				CLANG_ANALYZER_NONNULL = YES;
				CLANG_ANALYZER_NUMBER_OBJECT_CONVERSION = YES_AGGRESSIVE;
				CLANG_CXX_LANGUAGE_STANDARD = "gnu++20";
				CLANG_ENABLE_MODULES = YES;
				CLANG_ENABLE_OBJC_ARC = YES;
				CLANG_ENABLE_OBJC_WEAK = YES;
				CLANG_WARN_BLOCK_CAPTURE_AUTORELEASING = YES;
				CLANG_WARN_BOOL_CONVERSION = YES;
				CLANG_WARN_COMMA = YES;
				CLANG_WARN_CONSTANT_CONVERSION = YES;
				CLANG_WARN_DEPRECATED_OBJC_IMPLEMENTATIONS = YES;
				CLANG_WARN_DIRECT_OBJC_ISA_USAGE = YES_ERROR;
				CLANG_WARN_DOCUMENTATION_COMMENTS = YES;
				CLANG_WARN_EMPTY_BODY = YES;
				CLANG_WARN_ENUM_CONVERSION = YES;
				CLANG_WARN_INFINITE_RECURSION = YES;
				CLANG_WARN_INT_CONVERSION = YES;
				CLANG_WARN_NON_LITERAL_NULL_CONVERSION = YES;
				CLANG_WARN_OBJC_IMPLICIT_RETAIN_SELF = YES;
				CLANG_WARN_OBJC_LITERAL_CONVERSION = YES;
				CLANG_WARN_OBJC_ROOT_CLASS = YES_ERROR;
				CLANG_WARN_QUOTED_INCLUDE_IN_FRAMEWORK_HEADER = YES;
				CLANG_WARN_RANGE_LOOP_ANALYSIS = YES;
				CLANG_WARN_STRICT_PROTOTYPES = YES;
				CLANG_WARN_SUSPICIOUS_MOVE = YES;
				CLANG_WARN_UNGUARDED_AVAILABILITY = YES_AGGRESSIVE;
				CLANG_WARN_UNREACHABLE_CODE = YES;
				CLANG_WARN__DUPLICATE_METHOD_MATCH = YES;
				COPY_PHASE_STRIP = NO;
				DEBUG_INFORMATION_FORMAT = dwarf;
				ENABLE_STRICT_OBJC_MSGSEND = YES;
				ENABLE_TESTABILITY = YES;
				ENABLE_USER_SCRIPT_SANDBOXING = YES;
				GCC_C_LANGUAGE_STANDARD = gnu17;
				GCC_DYNAMIC_NO_PIC = NO;
				GCC_NO_COMMON_BLOCKS = YES;
				GCC_OPTIMIZATION_LEVEL = 0;
				GCC_PREPROCESSOR_DEFINITIONS = (
					"DEBUG=1",
					"$(inherited)",
				);
				GCC_WARN_64_TO_32_BIT_CONVERSION = YES;
				GCC_WARN_ABOUT_RETURN_TYPE = YES_ERROR;
				GCC_WARN_UNDECLARED_SELECTOR = YES;
				GCC_WARN_UNINITIALIZED_AUTOS = YES_AGGRESSIVE;
				GCC_WARN_UNUSED_FUNCTION = YES;
				GCC_WARN_UNUSED_VARIABLE = YES;
				IPHONEOS_DEPLOYMENT_TARGET = 17.2;
				LOCALIZATION_PREFERS_STRING_CATALOGS = YES;
				MTL_ENABLE_DEBUG_INFO = INCLUDE_SOURCE;
				MTL_FAST_MATH = YES;
				ONLY_ACTIVE_ARCH = YES;
				SDKROOT = iphoneos;
				SWIFT_ACTIVE_COMPILATION_CONDITIONS = "DEBUG $(inherited)";
				SWIFT_OPTIMIZATION_LEVEL = "-Onone";
			};
			name = Debug;
		};
		CEE2D9372B5FC4F50055E082 /* Release */ = {
			isa = XCBuildConfiguration;
			buildSettings = {
				ALWAYS_SEARCH_USER_PATHS = NO;
				ASSETCATALOG_COMPILER_GENERATE_SWIFT_ASSET_SYMBOL_EXTENSIONS = YES;
				CLANG_ANALYZER_NONNULL = YES;
				CLANG_ANALYZER_NUMBER_OBJECT_CONVERSION = YES_AGGRESSIVE;
				CLANG_CXX_LANGUAGE_STANDARD = "gnu++20";
				CLANG_ENABLE_MODULES = YES;
				CLANG_ENABLE_OBJC_ARC = YES;
				CLANG_ENABLE_OBJC_WEAK = YES;
				CLANG_WARN_BLOCK_CAPTURE_AUTORELEASING = YES;
				CLANG_WARN_BOOL_CONVERSION = YES;
				CLANG_WARN_COMMA = YES;
				CLANG_WARN_CONSTANT_CONVERSION = YES;
				CLANG_WARN_DEPRECATED_OBJC_IMPLEMENTATIONS = YES;
				CLANG_WARN_DIRECT_OBJC_ISA_USAGE = YES_ERROR;
				CLANG_WARN_DOCUMENTATION_COMMENTS = YES;
				CLANG_WARN_EMPTY_BODY = YES;
				CLANG_WARN_ENUM_CONVERSION = YES;
				CLANG_WARN_INFINITE_RECURSION = YES;
				CLANG_WARN_INT_CONVERSION = YES;
				CLANG_WARN_NON_LITERAL_NULL_CONVERSION = YES;
				CLANG_WARN_OBJC_IMPLICIT_RETAIN_SELF = YES;
				CLANG_WARN_OBJC_LITERAL_CONVERSION = YES;
				CLANG_WARN_OBJC_ROOT_CLASS = YES_ERROR;
				CLANG_WARN_QUOTED_INCLUDE_IN_FRAMEWORK_HEADER = YES;
				CLANG_WARN_RANGE_LOOP_ANALYSIS = YES;
				CLANG_WARN_STRICT_PROTOTYPES = YES;
				CLANG_WARN_SUSPICIOUS_MOVE = YES;
				CLANG_WARN_UNGUARDED_AVAILABILITY = YES_AGGRESSIVE;
				CLANG_WARN_UNREACHABLE_CODE = YES;
				CLANG_WARN__DUPLICATE_METHOD_MATCH = YES;
				COPY_PHASE_STRIP = NO;
				DEBUG_INFORMATION_FORMAT = "dwarf-with-dsym";
				ENABLE_NS_ASSERTIONS = NO;
				ENABLE_STRICT_OBJC_MSGSEND = YES;
				ENABLE_USER_SCRIPT_SANDBOXING = YES;
				GCC_C_LANGUAGE_STANDARD = gnu17;
				GCC_NO_COMMON_BLOCKS = YES;
				GCC_WARN_64_TO_32_BIT_CONVERSION = YES;
				GCC_WARN_ABOUT_RETURN_TYPE = YES_ERROR;
				GCC_WARN_UNDECLARED_SELECTOR = YES;
				GCC_WARN_UNINITIALIZED_AUTOS = YES_AGGRESSIVE;
				GCC_WARN_UNUSED_FUNCTION = YES;
				GCC_WARN_UNUSED_VARIABLE = YES;
				IPHONEOS_DEPLOYMENT_TARGET = 17.2;
				LOCALIZATION_PREFERS_STRING_CATALOGS = YES;
				MTL_ENABLE_DEBUG_INFO = NO;
				MTL_FAST_MATH = YES;
				SDKROOT = iphoneos;
				SWIFT_COMPILATION_MODE = wholemodule;
				VALIDATE_PRODUCT = YES;
			};
			name = Release;
		};
		CEE2D9392B5FC4F50055E082 /* Debug */ = {
			isa = XCBuildConfiguration;
			buildSettings = {
				ASSETCATALOG_COMPILER_APPICON_NAME = AppIcon;
				ASSETCATALOG_COMPILER_GLOBAL_ACCENT_COLOR_NAME = AccentColor;
				CODE_SIGN_STYLE = Automatic;
				CURRENT_PROJECT_VERSION = 1;
				DEVELOPMENT_ASSET_PATHS = "\"Yummi App/Preview Content\"";
				ENABLE_PREVIEWS = YES;
				GENERATE_INFOPLIST_FILE = YES;
				INFOPLIST_KEY_UIApplicationSceneManifest_Generation = YES;
				INFOPLIST_KEY_UIApplicationSupportsIndirectInputEvents = YES;
				INFOPLIST_KEY_UILaunchScreen_Generation = YES;
				INFOPLIST_KEY_UISupportedInterfaceOrientations_iPad = "UIInterfaceOrientationPortrait UIInterfaceOrientationPortraitUpsideDown UIInterfaceOrientationLandscapeLeft UIInterfaceOrientationLandscapeRight";
				INFOPLIST_KEY_UISupportedInterfaceOrientations_iPhone = "UIInterfaceOrientationPortrait UIInterfaceOrientationLandscapeLeft UIInterfaceOrientationLandscapeRight";
				LD_RUNPATH_SEARCH_PATHS = (
					"$(inherited)",
					"@executable_path/Frameworks",
				);
				MARKETING_VERSION = 1.0;
				PRODUCT_BUNDLE_IDENTIFIER = "com.Page-Croft.Yummi-App";
				PRODUCT_NAME = "$(TARGET_NAME)";
				SWIFT_EMIT_LOC_STRINGS = YES;
				SWIFT_VERSION = 5.0;
				TARGETED_DEVICE_FAMILY = "1,2";
			};
			name = Debug;
		};
		CEE2D93A2B5FC4F50055E082 /* Release */ = {
			isa = XCBuildConfiguration;
			buildSettings = {
				ASSETCATALOG_COMPILER_APPICON_NAME = AppIcon;
				ASSETCATALOG_COMPILER_GLOBAL_ACCENT_COLOR_NAME = AccentColor;
				CODE_SIGN_STYLE = Automatic;
				CURRENT_PROJECT_VERSION = 1;
				DEVELOPMENT_ASSET_PATHS = "\"Yummi App/Preview Content\"";
				ENABLE_PREVIEWS = YES;
				GENERATE_INFOPLIST_FILE = YES;
				INFOPLIST_KEY_UIApplicationSceneManifest_Generation = YES;
				INFOPLIST_KEY_UIApplicationSupportsIndirectInputEvents = YES;
				INFOPLIST_KEY_UILaunchScreen_Generation = YES;
				INFOPLIST_KEY_UISupportedInterfaceOrientations_iPad = "UIInterfaceOrientationPortrait UIInterfaceOrientationPortraitUpsideDown UIInterfaceOrientationLandscapeLeft UIInterfaceOrientationLandscapeRight";
				INFOPLIST_KEY_UISupportedInterfaceOrientations_iPhone = "UIInterfaceOrientationPortrait UIInterfaceOrientationLandscapeLeft UIInterfaceOrientationLandscapeRight";
				LD_RUNPATH_SEARCH_PATHS = (
					"$(inherited)",
					"@executable_path/Frameworks",
				);
				MARKETING_VERSION = 1.0;
				PRODUCT_BUNDLE_IDENTIFIER = "com.Page-Croft.Yummi-App";
				PRODUCT_NAME = "$(TARGET_NAME)";
				SWIFT_EMIT_LOC_STRINGS = YES;
				SWIFT_VERSION = 5.0;
				TARGETED_DEVICE_FAMILY = "1,2";
			};
			name = Release;
		};
		CEE2D93C2B5FC4F50055E082 /* Debug */ = {
			isa = XCBuildConfiguration;
			buildSettings = {
				ALWAYS_EMBED_SWIFT_STANDARD_LIBRARIES = YES;
				BUNDLE_LOADER = "$(TEST_HOST)";
				CODE_SIGN_STYLE = Automatic;
				CURRENT_PROJECT_VERSION = 1;
				GENERATE_INFOPLIST_FILE = YES;
				IPHONEOS_DEPLOYMENT_TARGET = 17.2;
				MARKETING_VERSION = 1.0;
				PRODUCT_BUNDLE_IDENTIFIER = "com.Page-Croft.Yummi-AppTests";
				PRODUCT_NAME = "$(TARGET_NAME)";
				SWIFT_EMIT_LOC_STRINGS = NO;
				SWIFT_VERSION = 5.0;
				TARGETED_DEVICE_FAMILY = "1,2";
				TEST_HOST = "$(BUILT_PRODUCTS_DIR)/Yummi App.app/$(BUNDLE_EXECUTABLE_FOLDER_PATH)/Yummi App";
			};
			name = Debug;
		};
		CEE2D93D2B5FC4F50055E082 /* Release */ = {
			isa = XCBuildConfiguration;
			buildSettings = {
				ALWAYS_EMBED_SWIFT_STANDARD_LIBRARIES = YES;
				BUNDLE_LOADER = "$(TEST_HOST)";
				CODE_SIGN_STYLE = Automatic;
				CURRENT_PROJECT_VERSION = 1;
				GENERATE_INFOPLIST_FILE = YES;
				IPHONEOS_DEPLOYMENT_TARGET = 17.2;
				MARKETING_VERSION = 1.0;
				PRODUCT_BUNDLE_IDENTIFIER = "com.Page-Croft.Yummi-AppTests";
				PRODUCT_NAME = "$(TARGET_NAME)";
				SWIFT_EMIT_LOC_STRINGS = NO;
				SWIFT_VERSION = 5.0;
				TARGETED_DEVICE_FAMILY = "1,2";
				TEST_HOST = "$(BUILT_PRODUCTS_DIR)/Yummi App.app/$(BUNDLE_EXECUTABLE_FOLDER_PATH)/Yummi App";
			};
			name = Release;
		};
		CEE2D93F2B5FC4F50055E082 /* Debug */ = {
			isa = XCBuildConfiguration;
			buildSettings = {
				ALWAYS_EMBED_SWIFT_STANDARD_LIBRARIES = YES;
				CODE_SIGN_STYLE = Automatic;
				CURRENT_PROJECT_VERSION = 1;
				GENERATE_INFOPLIST_FILE = YES;
				MARKETING_VERSION = 1.0;
				PRODUCT_BUNDLE_IDENTIFIER = "com.Page-Croft.Yummi-AppUITests";
				PRODUCT_NAME = "$(TARGET_NAME)";
				SWIFT_EMIT_LOC_STRINGS = NO;
				SWIFT_VERSION = 5.0;
				TARGETED_DEVICE_FAMILY = "1,2";
				TEST_TARGET_NAME = "Yummi App";
			};
			name = Debug;
		};
		CEE2D9402B5FC4F50055E082 /* Release */ = {
			isa = XCBuildConfiguration;
			buildSettings = {
				ALWAYS_EMBED_SWIFT_STANDARD_LIBRARIES = YES;
				CODE_SIGN_STYLE = Automatic;
				CURRENT_PROJECT_VERSION = 1;
				GENERATE_INFOPLIST_FILE = YES;
				MARKETING_VERSION = 1.0;
				PRODUCT_BUNDLE_IDENTIFIER = "com.Page-Croft.Yummi-AppUITests";
				PRODUCT_NAME = "$(TARGET_NAME)";
				SWIFT_EMIT_LOC_STRINGS = NO;
				SWIFT_VERSION = 5.0;
				TARGETED_DEVICE_FAMILY = "1,2";
				TEST_TARGET_NAME = "Yummi App";
			};
			name = Release;
		};
/* End XCBuildConfiguration section */

/* Begin XCConfigurationList section */
		CEE2D90F2B5FC4F30055E082 /* Build configuration list for PBXProject "Yummi App" */ = {
			isa = XCConfigurationList;
			buildConfigurations = (
				CEE2D9362B5FC4F50055E082 /* Debug */,
				CEE2D9372B5FC4F50055E082 /* Release */,
			);
			defaultConfigurationIsVisible = 0;
			defaultConfigurationName = Release;
		};
		CEE2D9382B5FC4F50055E082 /* Build configuration list for PBXNativeTarget "Yummi App" */ = {
			isa = XCConfigurationList;
			buildConfigurations = (
				CEE2D9392B5FC4F50055E082 /* Debug */,
				CEE2D93A2B5FC4F50055E082 /* Release */,
			);
			defaultConfigurationIsVisible = 0;
			defaultConfigurationName = Release;
		};
		CEE2D93B2B5FC4F50055E082 /* Build configuration list for PBXNativeTarget "Yummi AppTests" */ = {
			isa = XCConfigurationList;
			buildConfigurations = (
				CEE2D93C2B5FC4F50055E082 /* Debug */,
				CEE2D93D2B5FC4F50055E082 /* Release */,
			);
			defaultConfigurationIsVisible = 0;
			defaultConfigurationName = Release;
		};
		CEE2D93E2B5FC4F50055E082 /* Build configuration list for PBXNativeTarget "Yummi AppUITests" */ = {
			isa = XCConfigurationList;
			buildConfigurations = (
				CEE2D93F2B5FC4F50055E082 /* Debug */,
				CEE2D9402B5FC4F50055E082 /* Release */,
			);
			defaultConfigurationIsVisible = 0;
			defaultConfigurationName = Release;
		};
/* End XCConfigurationList section */
	};
	rootObject = CEE2D90C2B5FC4F30055E082 /* Project object */;
}
